
Microsoft Visual Studio Solution File, Format Version 12.00
# Visual Studio Version 16
VisualStudioVersion = 16.0.29728.190
MinimumVisualStudioVersion = 10.0.40219.1
Project("{FAE04EC0-301F-11D3-BF4B-00C04F79EFBC}") = "SoftSled", "SoftSled\SoftSled.csproj", "{E5890526-62AA-4CCC-B4E6-73EACBCBCC8B}"
EndProject
Project("{FAE04EC0-301F-11D3-BF4B-00C04F79EFBC}") = "UPnP", "UPnP\UPnP.csproj", "{EFD4E06D-5620-4AB8-B51C-8F19F20DF970}"
EndProject
Project("{FAE04EC0-301F-11D3-BF4B-00C04F79EFBC}") = "RDPVCManager", "RDPVCManager\RDPVCManager.csproj", "{944CD59E-2072-471C-A1C2-3B74833FBCB4}"
EndProject
Project("{FAE04EC0-301F-11D3-BF4B-00C04F79EFBC}") = "SoftSledWPF", "SoftSledWPF\SoftSledWPF.csproj", "{036D6D13-5395-4721-AB0F-0F63130BE7FE}"
EndProject
Global
	GlobalSection(SolutionConfigurationPlatforms) = preSolution
		Debug|Any CPU = Debug|Any CPU
		Debug|x64 = Debug|x64
		Debug|x86 = Debug|x86
		Release|Any CPU = Release|Any CPU
		Release|x64 = Release|x64
		Release|x86 = Release|x86
	EndGlobalSection
	GlobalSection(ProjectConfigurationPlatforms) = postSolution
		{E5890526-62AA-4CCC-B4E6-73EACBCBCC8B}.Debug|Any CPU.ActiveCfg = Debug|Any CPU
		{E5890526-62AA-4CCC-B4E6-73EACBCBCC8B}.Debug|Any CPU.Build.0 = Debug|Any CPU
		{E5890526-62AA-4CCC-B4E6-73EACBCBCC8B}.Debug|x64.ActiveCfg = Debug|x86
		{E5890526-62AA-4CCC-B4E6-73EACBCBCC8B}.Debug|x64.Build.0 = Debug|x86
		{E5890526-62AA-4CCC-B4E6-73EACBCBCC8B}.Debug|x86.ActiveCfg = Debug|x86
		{E5890526-62AA-4CCC-B4E6-73EACBCBCC8B}.Debug|x86.Build.0 = Debug|x86
		{E5890526-62AA-4CCC-B4E6-73EACBCBCC8B}.Release|Any CPU.ActiveCfg = Release|Any CPU
		{E5890526-62AA-4CCC-B4E6-73EACBCBCC8B}.Release|Any CPU.Build.0 = Release|Any CPU
		{E5890526-62AA-4CCC-B4E6-73EACBCBCC8B}.Release|x64.ActiveCfg = Release|x64
		{E5890526-62AA-4CCC-B4E6-73EACBCBCC8B}.Release|x64.Build.0 = Release|x64
		{E5890526-62AA-4CCC-B4E6-73EACBCBCC8B}.Release|x86.ActiveCfg = Release|x86
		{E5890526-62AA-4CCC-B4E6-73EACBCBCC8B}.Release|x86.Build.0 = Release|x86
		{EFD4E06D-5620-4AB8-B51C-8F19F20DF970}.Debug|Any CPU.ActiveCfg = Debug|Any CPU
		{EFD4E06D-5620-4AB8-B51C-8F19F20DF970}.Debug|Any CPU.Build.0 = Debug|Any CPU
		{EFD4E06D-5620-4AB8-B51C-8F19F20DF970}.Debug|x64.ActiveCfg = Debug|x86
		{EFD4E06D-5620-4AB8-B51C-8F19F20DF970}.Debug|x64.Build.0 = Debug|x86
		{EFD4E06D-5620-4AB8-B51C-8F19F20DF970}.Debug|x86.ActiveCfg = Debug|x86
		{EFD4E06D-5620-4AB8-B51C-8F19F20DF970}.Debug|x86.Build.0 = Debug|x86
		{EFD4E06D-5620-4AB8-B51C-8F19F20DF970}.Release|Any CPU.ActiveCfg = Release|Any CPU
		{EFD4E06D-5620-4AB8-B51C-8F19F20DF970}.Release|Any CPU.Build.0 = Release|Any CPU
		{EFD4E06D-5620-4AB8-B51C-8F19F20DF970}.Release|x64.ActiveCfg = Release|Any CPU
		{EFD4E06D-5620-4AB8-B51C-8F19F20DF970}.Release|x64.Build.0 = Release|Any CPU
		{EFD4E06D-5620-4AB8-B51C-8F19F20DF970}.Release|x86.ActiveCfg = Release|Any CPU
		{EFD4E06D-5620-4AB8-B51C-8F19F20DF970}.Release|x86.Build.0 = Release|Any CPU
		{944CD59E-2072-471C-A1C2-3B74833FBCB4}.Debug|Any CPU.ActiveCfg = Debug|Any CPU
		{944CD59E-2072-471C-A1C2-3B74833FBCB4}.Debug|Any CPU.Build.0 = Debug|Any CPU
		{944CD59E-2072-471C-A1C2-3B74833FBCB4}.Debug|x64.ActiveCfg = Debug|x86
		{944CD59E-2072-471C-A1C2-3B74833FBCB4}.Debug|x64.Build.0 = Debug|x86
		{944CD59E-2072-471C-A1C2-3B74833FBCB4}.Debug|x86.ActiveCfg = Release|x86
		{944CD59E-2072-471C-A1C2-3B74833FBCB4}.Debug|x86.Build.0 = Release|x86
		{944CD59E-2072-471C-A1C2-3B74833FBCB4}.Release|Any CPU.ActiveCfg = Release|Any CPU
		{944CD59E-2072-471C-A1C2-3B74833FBCB4}.Release|Any CPU.Build.0 = Release|Any CPU
		{944CD59E-2072-471C-A1C2-3B74833FBCB4}.Release|x64.ActiveCfg = Release|x64
		{944CD59E-2072-471C-A1C2-3B74833FBCB4}.Release|x64.Build.0 = Release|x64
		{944CD59E-2072-471C-A1C2-3B74833FBCB4}.Release|x86.ActiveCfg = Release|x86
		{944CD59E-2072-471C-A1C2-3B74833FBCB4}.Release|x86.Build.0 = Release|x86
		{036D6D13-5395-4721-AB0F-0F63130BE7FE}.Debug|Any CPU.ActiveCfg = Debug|Any CPU
		{036D6D13-5395-4721-AB0F-0F63130BE7FE}.Debug|Any CPU.Build.0 = Debug|Any CPU
		{036D6D13-5395-4721-AB0F-0F63130BE7FE}.Debug|x64.ActiveCfg = Debug|Any CPU
		{036D6D13-5395-4721-AB0F-0F63130BE7FE}.Debug|x64.Build.0 = Debug|Any CPU
		{036D6D13-5395-4721-AB0F-0F63130BE7FE}.Debug|x86.ActiveCfg = Debug|x86
		{036D6D13-5395-4721-AB0F-0F63130BE7FE}.Debug|x86.Build.0 = Debug|x86
		{036D6D13-5395-4721-AB0F-0F63130BE7FE}.Release|Any CPU.ActiveCfg = Release|Any CPU
		{036D6D13-5395-4721-AB0F-0F63130BE7FE}.Release|Any CPU.Build.0 = Release|Any CPU
		{036D6D13-5395-4721-AB0F-0F63130BE7FE}.Release|x64.ActiveCfg = Release|Any CPU
		{036D6D13-5395-4721-AB0F-0F63130BE7FE}.Release|x64.Build.0 = Release|Any CPU
		{036D6D13-5395-4721-AB0F-0F63130BE7FE}.Release|x86.ActiveCfg = Release|Any CPU
		{036D6D13-5395-4721-AB0F-0F63130BE7FE}.Release|x86.Build.0 = Release|Any CPU
	EndGlobalSection
	GlobalSection(SolutionProperties) = preSolution
		HideSolutionNode = FALSE
	EndGlobalSection
	GlobalSection(ExtensibilityGlobals) = postSolution
		SolutionGuid = {16E3B1C1-6903-4B35-954A-C6E36500A8A8}
	EndGlobalSection
EndGlobal
